
Microsoft Visual Studio Solution File, Format Version 12.00
# Visual Studio Version 17
VisualStudioVersion = 17.13.35828.75 d17.13
MinimumVisualStudioVersion = 10.0.40219.1
Project("{FAE04EC0-301F-11D3-BF4B-00C04F79EFBC}") = "DashboardAPI", "DashboardAPI.csproj", "{EC3293CD-40CF-4C92-9B6D-E7A3C0601337}"
EndProject
Global
	GlobalSection(SolutionConfigurationPlatforms) = preSolution
		Debug|Any CPU = Debug|Any CPU
		Release|Any CPU = Release|Any CPU
	EndGlobalSection
	GlobalSection(ProjectConfigurationPlatforms) = postSolution
		{EC3293CD-40CF-4C92-9B6D-E7A3C0601337}.Debug|Any CPU.ActiveCfg = Debug|Any CPU
		{EC3293CD-40CF-4C92-9B6D-E7A3C0601337}.Debug|Any CPU.Build.0 = Debug|Any CPU
		{EC3293CD-40CF-4C92-9B6D-E7A3C0601337}.Release|Any CPU.ActiveCfg = Release|Any CPU
		{EC3293CD-40CF-4C92-9B6D-E7A3C0601337}.Release|Any CPU.Build.0 = Release|Any CPU
	EndGlobalSection
	GlobalSection(SolutionProperties) = preSolution
		HideSolutionNode = FALSE
	EndGlobalSection
	GlobalSection(ExtensibilityGlobals) = postSolution
		SolutionGuid = {BE837E5B-A112-46DA-887D-E8E48D1F03F1}
	EndGlobalSection
EndGlobal
